// !$*UTF8*$!
{
	archiveVersion = 1;
	classes = {
	};
	objectVersion = 56;
	objects = {

/* Begin PBXBuildFile section */
		DF3EE7212B18BF4E00EB6D5D /* Medication Model.swift in Sources */ = {isa = PBXBuildFile; fileRef = DF3EE7202B18BF4E00EB6D5D /* Medication Model.swift */; };
		DF3EE7232B18BF7600EB6D5D /* MedicationFormView.swift in Sources */ = {isa = PBXBuildFile; fileRef = DF3EE7222B18BF7600EB6D5D /* MedicationFormView.swift */; };
		DF3EE7252B18BF8D00EB6D5D /* MedicationListView.swift in Sources */ = {isa = PBXBuildFile; fileRef = DF3EE7242B18BF8D00EB6D5D /* MedicationListView.swift */; };
		DF3EE7272B18BF9900EB6D5D /* MedicationRowView.swift in Sources */ = {isa = PBXBuildFile; fileRef = DF3EE7262B18BF9900EB6D5D /* MedicationRowView.swift */; };
		DF3EE7292B18BFD100EB6D5D /* ContentView.swift in Sources */ = {isa = PBXBuildFile; fileRef = DF3EE7282B18BFD100EB6D5D /* ContentView.swift */; };
		DFCF28FE2B18B852007D8913 /* Assets.xcassets in Resources */ = {isa = PBXBuildFile; fileRef = DFCF28FD2B18B852007D8913 /* Assets.xcassets */; };
		DFCF29012B18B852007D8913 /* Preview Assets.xcassets in Resources */ = {isa = PBXBuildFile; fileRef = DFCF29002B18B852007D8913 /* Preview Assets.xcassets */; };
		DFCF290A2B18B8EE007D8913 /* MyApp.swift in Sources */ = {isa = PBXBuildFile; fileRef = DFCF29092B18B8EE007D8913 /* MyApp.swift */; };
/* End PBXBuildFile section */

/* Begin PBXFileReference section */
		DF3EE7202B18BF4E00EB6D5D /* Medication Model.swift */ = {isa = PBXFileReference; lastKnownFileType = sourcecode.swift; path = "Medication Model.swift"; sourceTree = "<group>"; };
		DF3EE7222B18BF7600EB6D5D /* MedicationFormView.swift */ = {isa = PBXFileReference; lastKnownFileType = sourcecode.swift; path = MedicationFormView.swift; sourceTree = "<group>"; };
		DF3EE7242B18BF8D00EB6D5D /* MedicationListView.swift */ = {isa = PBXFileReference; lastKnownFileType = sourcecode.swift; path = MedicationListView.swift; sourceTree = "<group>"; };
		DF3EE7262B18BF9900EB6D5D /* MedicationRowView.swift */ = {isa = PBXFileReference; lastKnownFileType = sourcecode.swift; path = MedicationRowView.swift; sourceTree = "<group>"; };
		DF3EE7282B18BFD100EB6D5D /* ContentView.swift */ = {isa = PBXFileReference; lastKnownFileType = sourcecode.swift; path = ContentView.swift; sourceTree = "<group>"; };
		DFCF28F62B18B851007D8913 /* Medication Tracker App.app */ = {isa = PBXFileReference; explicitFileType = wrapper.application; includeInIndex = 0; path = "Medication Tracker App.app"; sourceTree = BUILT_PRODUCTS_DIR; };
		DFCF28FD2B18B852007D8913 /* Assets.xcassets */ = {isa = PBXFileReference; lastKnownFileType = folder.assetcatalog; path = Assets.xcassets; sourceTree = "<group>"; };
		DFCF29002B18B852007D8913 /* Preview Assets.xcassets */ = {isa = PBXFileReference; lastKnownFileType = folder.assetcatalog; path = "Preview Assets.xcassets"; sourceTree = "<group>"; };
		DFCF29092B18B8EE007D8913 /* MyApp.swift */ = {isa = PBXFileReference; lastKnownFileType = sourcecode.swift; path = MyApp.swift; sourceTree = "<group>"; };
/* End PBXFileReference section */

/* Begin PBXFrameworksBuildPhase section */
		DFCF28F32B18B851007D8913 /* Frameworks */ = {
			isa = PBXFrameworksBuildPhase;
			buildActionMask = 2147483647;
			files = (
			);
			runOnlyForDeploymentPostprocessing = 0;
		};
/* End PBXFrameworksBuildPhase section */

/* Begin PBXGroup section */
		DFCF28ED2B18B851007D8913 = {
			isa = PBXGroup;
			children = (
				DFCF28F82B18B851007D8913 /* Medication Tracker */,
				DFCF28F72B18B851007D8913 /* Products */,
			);
			sourceTree = "<group>";
		};
		DFCF28F72B18B851007D8913 /* Products */ = {
			isa = PBXGroup;
			children = (
				DFCF28F62B18B851007D8913 /* Medication Tracker App.app */,
			);
			name = Products;
			sourceTree = "<group>";
		};
		DFCF28F82B18B851007D8913 /* Medication Tracker */ = {
			isa = PBXGroup;
			children = (
				DF3EE7282B18BFD100EB6D5D /* ContentView.swift */,
				DF3EE7202B18BF4E00EB6D5D /* Medication Model.swift */,
				DF3EE7222B18BF7600EB6D5D /* MedicationFormView.swift */,
				DF3EE7242B18BF8D00EB6D5D /* MedicationListView.swift */,
				DF3EE7262B18BF9900EB6D5D /* MedicationRowView.swift */,
				DFCF29092B18B8EE007D8913 /* MyApp.swift */,
				DFCF28FD2B18B852007D8913 /* Assets.xcassets */,
				DFCF28FF2B18B852007D8913 /* Preview Content */,
			);
			path = "Medication Tracker";
			sourceTree = "<group>";
		};
		DFCF28FF2B18B852007D8913 /* Preview Content */ = {
			isa = PBXGroup;
			children = (
				DFCF29002B18B852007D8913 /* Preview Assets.xcassets */,
			);
			path = "Preview Content";
			sourceTree = "<group>";
		};
/* End PBXGroup section */

/* Begin PBXNativeTarget section */
		DFCF28F52B18B851007D8913 /* Medication Tracker App */ = {
			isa = PBXNativeTarget;
			buildConfigurationList = DFCF29042B18B852007D8913 /* Build configuration list for PBXNativeTarget "Medication Tracker App" */;
			buildPhases = (
				DFCF28F22B18B851007D8913 /* Sources */,
				DFCF28F32B18B851007D8913 /* Frameworks */,
				DFCF28F42B18B851007D8913 /* Resources */,
			);
			buildRules = (
			);
			dependencies = (
			);
			name = "Medication Tracker App";
			productName = "Image Picker";
			productReference = DFCF28F62B18B851007D8913 /* Medication Tracker App.app */;
			productType = "com.apple.product-type.application";
		};
/* End PBXNativeTarget section */

/* Begin PBXProject section */
		DFCF28EE2B18B851007D8913 /* Project object */ = {
			isa = PBXProject;
			attributes = {
				BuildIndependentTargetsInParallel = 1;
				LastSwiftUpdateCheck = 1500;
				LastUpgradeCheck = 1500;
				TargetAttributes = {
					DFCF28F52B18B851007D8913 = {
						CreatedOnToolsVersion = 15.0.1;
					};
				};
			};
			buildConfigurationList = DFCF28F12B18B851007D8913 /* Build configuration list for PBXProject "Medication Tracker App" */;
			compatibilityVersion = "Xcode 14.0";
			developmentRegion = en;
			hasScannedForEncodings = 0;
			knownRegions = (
				en,
				Base,
			);
			mainGroup = DFCF28ED2B18B851007D8913;
			productRefGroup = DFCF28F72B18B851007D8913 /* Products */;
			projectDirPath = "";
			projectRoot = "";
			targets = (
				DFCF28F52B18B851007D8913 /* Medication Tracker App */,
			);
		};
/* End PBXProject section */

/* Begin PBXResourcesBuildPhase section */
		DFCF28F42B18B851007D8913 /* Resources */ = {
			isa = PBXResourcesBuildPhase;
			buildActionMask = 2147483647;
			files = (
				DFCF29012B18B852007D8913 /* Preview Assets.xcassets in Resources */,
				DFCF28FE2B18B852007D8913 /* Assets.xcassets in Resources */,
			);
			runOnlyForDeploymentPostprocessing = 0;
		};
/* End PBXResourcesBuildPhase section */

/* Begin PBXSourcesBuildPhase section */
		DFCF28F22B18B851007D8913 /* Sources */ = {
			isa = PBXSourcesBuildPhase;
			buildActionMask = 2147483647;
			files = (
				DFCF290A2B18B8EE007D8913 /* MyApp.swift in Sources */,
				DF3EE7232B18BF7600EB6D5D /* MedicationFormView.swift in Sources */,
				DF3EE7292B18BFD100EB6D5D /* ContentView.swift in Sources */,
				DF3EE7272B18BF9900EB6D5D /* MedicationRowView.swift in Sources */,
				DF3EE7212B18BF4E00EB6D5D /* Medication Model.swift in Sources */,
				DF3EE7252B18BF8D00EB6D5D /* MedicationListView.swift in Sources */,
			);
			runOnlyForDeploymentPostprocessing = 0;
		};
/* End PBXSourcesBuildPhase section */

/* Begin XCBuildConfiguration section */
		DFCF29022B18B852007D8913 /* Debug */ = {
			isa = XCBuildConfiguration;
			buildSettings = {
				ALWAYS_SEARCH_USER_PATHS = NO;
				ASSETCATALOG_COMPILER_GENERATE_SWIFT_ASSET_SYMBOL_EXTENSIONS = YES;
				CLANG_ANALYZER_NONNULL = YES;
				CLANG_ANALYZER_NUMBER_OBJECT_CONVERSION = YES_AGGRESSIVE;
				CLANG_CXX_LANGUAGE_STANDARD = "gnu++20";
				CLANG_ENABLE_MODULES = YES;
				CLANG_ENABLE_OBJC_ARC = YES;
				CLANG_ENABLE_OBJC_WEAK = YES;
				CLANG_WARN_BLOCK_CAPTURE_AUTORELEASING = YES;
				CLANG_WARN_BOOL_CONVERSION = YES;
				CLANG_WARN_COMMA = YES;
				CLANG_WARN_CONSTANT_CONVERSION = YES;
				CLANG_WARN_DEPRECATED_OBJC_IMPLEMENTATIONS = YES;
				CLANG_WARN_DIRECT_OBJC_ISA_USAGE = YES_ERROR;
				CLANG_WARN_DOCUMENTATION_COMMENTS = YES;
				CLANG_WARN_EMPTY_BODY = YES;
				CLANG_WARN_ENUM_CONVERSION = YES;
				CLANG_WARN_INFINITE_RECURSION = YES;
				CLANG_WARN_INT_CONVERSION = YES;
				CLANG_WARN_NON_LITERAL_NULL_CONVERSION = YES;
				CLANG_WARN_OBJC_IMPLICIT_RETAIN_SELF = YES;
				CLANG_WARN_OBJC_LITERAL_CONVERSION = YES;
				CLANG_WARN_OBJC_ROOT_CLASS = YES_ERROR;
				CLANG_WARN_QUOTED_INCLUDE_IN_FRAMEWORK_HEADER = YES;
				CLANG_WARN_RANGE_LOOP_ANALYSIS = YES;
				CLANG_WARN_STRICT_PROTOTYPES = YES;
				CLANG_WARN_SUSPICIOUS_MOVE = YES;
				CLANG_WARN_UNGUARDED_AVAILABILITY = YES_AGGRESSIVE;
				CLANG_WARN_UNREACHABLE_CODE = YES;
				CLANG_WARN__DUPLICATE_METHOD_MATCH = YES;
				COPY_PHASE_STRIP = NO;
				DEBUG_INFORMATION_FORMAT = dwarf;
				ENABLE_STRICT_OBJC_MSGSEND = YES;
				ENABLE_TESTABILITY = YES;
				ENABLE_USER_SCRIPT_SANDBOXING = YES;
				GCC_C_LANGUAGE_STANDARD = gnu17;
				GCC_DYNAMIC_NO_PIC = NO;
				GCC_NO_COMMON_BLOCKS = YES;
				GCC_OPTIMIZATION_LEVEL = 0;
				GCC_PREPROCESSOR_DEFINITIONS = (
					"DEBUG=1",
					"$(inherited)",
				);
				GCC_WARN_64_TO_32_BIT_CONVERSION = YES;
				GCC_WARN_ABOUT_RETURN_TYPE = YES_ERROR;
				GCC_WARN_UNDECLARED_SELECTOR = YES;
				GCC_WARN_UNINITIALIZED_AUTOS = YES_AGGRESSIVE;
				GCC_WARN_UNUSED_FUNCTION = YES;
				GCC_WARN_UNUSED_VARIABLE = YES;
				IPHONEOS_DEPLOYMENT_TARGET = 17.0;
				LOCALIZATION_PREFERS_STRING_CATALOGS = YES;
				MTL_ENABLE_DEBUG_INFO = INCLUDE_SOURCE;
				MTL_FAST_MATH = YES;
				ONLY_ACTIVE_ARCH = YES;
				SDKROOT = iphoneos;
				SWIFT_ACTIVE_COMPILATION_CONDITIONS = "DEBUG $(inherited)";
				SWIFT_OPTIMIZATION_LEVEL = "-Onone";
			};
			name = Debug;
		};
		DFCF29032B18B852007D8913 /* Release */ = {
			isa = XCBuildConfiguration;
			buildSettings = {
				ALWAYS_SEARCH_USER_PATHS = NO;
				ASSETCATALOG_COMPILER_GENERATE_SWIFT_ASSET_SYMBOL_EXTENSIONS = YES;
				CLANG_ANALYZER_NONNULL = YES;
				CLANG_ANALYZER_NUMBER_OBJECT_CONVERSION = YES_AGGRESSIVE;
				CLANG_CXX_LANGUAGE_STANDARD = "gnu++20";
				CLANG_ENABLE_MODULES = YES;
				CLANG_ENABLE_OBJC_ARC = YES;
				CLANG_ENABLE_OBJC_WEAK = YES;
				CLANG_WARN_BLOCK_CAPTURE_AUTORELEASING = YES;
				CLANG_WARN_BOOL_CONVERSION = YES;
				CLANG_WARN_COMMA = YES;
				CLANG_WARN_CONSTANT_CONVERSION = YES;
				CLANG_WARN_DEPRECATED_OBJC_IMPLEMENTATIONS = YES;
				CLANG_WARN_DIRECT_OBJC_ISA_USAGE = YES_ERROR;
				CLANG_WARN_DOCUMENTATION_COMMENTS = YES;
				CLANG_WARN_EMPTY_BODY = YES;
				CLANG_WARN_ENUM_CONVERSION = YES;
				CLANG_WARN_INFINITE_RECURSION = YES;
				CLANG_WARN_INT_CONVERSION = YES;
				CLANG_WARN_NON_LITERAL_NULL_CONVERSION = YES;
				CLANG_WARN_OBJC_IMPLICIT_RETAIN_SELF = YES;
				CLANG_WARN_OBJC_LITERAL_CONVERSION = YES;
				CLANG_WARN_OBJC_ROOT_CLASS = YES_ERROR;
				CLANG_WARN_QUOTED_INCLUDE_IN_FRAMEWORK_HEADER = YES;
				CLANG_WARN_RANGE_LOOP_ANALYSIS = YES;
				CLANG_WARN_STRICT_PROTOTYPES = YES;
				CLANG_WARN_SUSPICIOUS_MOVE = YES;
				CLANG_WARN_UNGUARDED_AVAILABILITY = YES_AGGRESSIVE;
				CLANG_WARN_UNREACHABLE_CODE = YES;
				CLANG_WARN__DUPLICATE_METHOD_MATCH = YES;
				COPY_PHASE_STRIP = NO;
				DEBUG_INFORMATION_FORMAT = "dwarf-with-dsym";
				ENABLE_NS_ASSERTIONS = NO;
				ENABLE_STRICT_OBJC_MSGSEND = YES;
				ENABLE_USER_SCRIPT_SANDBOXING = YES;
				GCC_C_LANGUAGE_STANDARD = gnu17;
				GCC_NO_COMMON_BLOCKS = YES;
				GCC_WARN_64_TO_32_BIT_CONVERSION = YES;
				GCC_WARN_ABOUT_RETURN_TYPE = YES_ERROR;
				GCC_WARN_UNDECLARED_SELECTOR = YES;
				GCC_WARN_UNINITIALIZED_AUTOS = YES_AGGRESSIVE;
				GCC_WARN_UNUSED_FUNCTION = YES;
				GCC_WARN_UNUSED_VARIABLE = YES;
				IPHONEOS_DEPLOYMENT_TARGET = 17.0;
				LOCALIZATION_PREFERS_STRING_CATALOGS = YES;
				MTL_ENABLE_DEBUG_INFO = NO;
				MTL_FAST_MATH = YES;
				SDKROOT = iphoneos;
				SWIFT_COMPILATION_MODE = wholemodule;
				VALIDATE_PRODUCT = YES;
			};
			name = Release;
		};
		DFCF29052B18B852007D8913 /* Debug */ = {
			isa = XCBuildConfiguration;
			buildSettings = {
				ASSETCATALOG_COMPILER_APPICON_NAME = AppIcon;
				ASSETCATALOG_COMPILER_GLOBAL_ACCENT_COLOR_NAME = AccentColor;
				CODE_SIGN_STYLE = Automatic;
				CURRENT_PROJECT_VERSION = 1;
				DEVELOPMENT_ASSET_PATHS = "\"Image Picker/Preview Content\"";
				ENABLE_PREVIEWS = YES;
				GENERATE_INFOPLIST_FILE = YES;
				INFOPLIST_KEY_UIApplicationSceneManifest_Generation = YES;
				INFOPLIST_KEY_UIApplicationSupportsIndirectInputEvents = YES;
				INFOPLIST_KEY_UILaunchScreen_Generation = YES;
				INFOPLIST_KEY_UISupportedInterfaceOrientations_iPad = "UIInterfaceOrientationPortrait UIInterfaceOrientationPortraitUpsideDown UIInterfaceOrientationLandscapeLeft UIInterfaceOrientationLandscapeRight";
				INFOPLIST_KEY_UISupportedInterfaceOrientations_iPhone = "UIInterfaceOrientationPortrait UIInterfaceOrientationLandscapeLeft UIInterfaceOrientationLandscapeRight";
				LD_RUNPATH_SEARCH_PATHS = (
					"$(inherited)",
					"@executable_path/Frameworks",
				);
				MARKETING_VERSION = 1.0;
				PRODUCT_BUNDLE_IDENTIFIER = "han.Image-Picker";
				PRODUCT_NAME = "$(TARGET_NAME)";
				SWIFT_EMIT_LOC_STRINGS = YES;
				SWIFT_VERSION = 5.0;
				TARGETED_DEVICE_FAMILY = "1,2";
			};
			name = Debug;
		};
		DFCF29062B18B852007D8913 /* Release */ = {
			isa = XCBuildConfiguration;
			buildSettings = {
				ASSETCATALOG_COMPILER_APPICON_NAME = AppIcon;
				ASSETCATALOG_COMPILER_GLOBAL_ACCENT_COLOR_NAME = AccentColor;
				CODE_SIGN_STYLE = Automatic;
				CURRENT_PROJECT_VERSION = 1;
				DEVELOPMENT_ASSET_PATHS = "\"Image Picker/Preview Content\"";
				ENABLE_PREVIEWS = YES;
				GENERATE_INFOPLIST_FILE = YES;
				INFOPLIST_KEY_UIApplicationSceneManifest_Generation = YES;
				INFOPLIST_KEY_UIApplicationSupportsIndirectInputEvents = YES;
				INFOPLIST_KEY_UILaunchScreen_Generation = YES;
				INFOPLIST_KEY_UISupportedInterfaceOrientations_iPad = "UIInterfaceOrientationPortrait UIInterfaceOrientationPortraitUpsideDown UIInterfaceOrientationLandscapeLeft UIInterfaceOrientationLandscapeRight";
				INFOPLIST_KEY_UISupportedInterfaceOrientations_iPhone = "UIInterfaceOrientationPortrait UIInterfaceOrientationLandscapeLeft UIInterfaceOrientationLandscapeRight";
				LD_RUNPATH_SEARCH_PATHS = (
					"$(inherited)",
					"@executable_path/Frameworks",
				);
				MARKETING_VERSION = 1.0;
				PRODUCT_BUNDLE_IDENTIFIER = "han.Image-Picker";
				PRODUCT_NAME = "$(TARGET_NAME)";
				SWIFT_EMIT_LOC_STRINGS = YES;
				SWIFT_VERSION = 5.0;
				TARGETED_DEVICE_FAMILY = "1,2";
			};
			name = Release;
		};
/* End XCBuildConfiguration section */

/* Begin XCConfigurationList section */
		DFCF28F12B18B851007D8913 /* Build configuration list for PBXProject "Medication Tracker App" */ = {
			isa = XCConfigurationList;
			buildConfigurations = (
				DFCF29022B18B852007D8913 /* Debug */,
				DFCF29032B18B852007D8913 /* Release */,
			);
			defaultConfigurationIsVisible = 0;
			defaultConfigurationName = Release;
		};
		DFCF29042B18B852007D8913 /* Build configuration list for PBXNativeTarget "Medication Tracker App" */ = {
			isa = XCConfigurationList;
			buildConfigurations = (
				DFCF29052B18B852007D8913 /* Debug */,
				DFCF29062B18B852007D8913 /* Release */,
			);
			defaultConfigurationIsVisible = 0;
			defaultConfigurationName = Release;
		};
/* End XCConfigurationList section */
	};
	rootObject = DFCF28EE2B18B851007D8913 /* Project object */;
}
